
Microsoft Visual Studio Solution File, Format Version 12.00
# Visual Studio 14
VisualStudioVersion = 14.0.25420.1
MinimumVisualStudioVersion = 10.0.40219.1
Project("{FAE04EC0-301F-11D3-BF4B-00C04F79EFBC}") = "PizzaMore.Utility", "PizzaMore.Utility\PizzaMore.Utility.csproj", "{0EF9A1F4-6861-4571-ABBA-74631E03CB4B}"
EndProject
Project("{FAE04EC0-301F-11D3-BF4B-00C04F79EFBC}") = "PizzaMore.Data", "PizzaMore.Data\PizzaMore.Data.csproj", "{5079D903-4F33-4360-BC39-C5BCA1BE7131}"
EndProject
Project("{FAE04EC0-301F-11D3-BF4B-00C04F79EFBC}") = "PizzaMore.Models", "PizzaMore.Models\PizzaMore.Models.csproj", "{9FF5A121-1A43-4CD7-9ECC-EFF3B1773D5C}"
EndProject
Project("{FAE04EC0-301F-11D3-BF4B-00C04F79EFBC}") = "Home", "Home\Home.csproj", "{099E65B4-B887-457D-A0C0-D29E7378D5BF}"
EndProject
Project("{FAE04EC0-301F-11D3-BF4B-00C04F79EFBC}") = "Signup", "Signup\Signup.csproj", "{AA2A3441-05FD-4CB4-B76C-AA94E4038A23}"
EndProject
Project("{FAE04EC0-301F-11D3-BF4B-00C04F79EFBC}") = "signin", "signin\signin.csproj", "{E2A8625D-32E5-495E-9FEB-5C6950EA6144}"
EndProject
Project("{FAE04EC0-301F-11D3-BF4B-00C04F79EFBC}") = "Menu", "Menu\Menu.csproj", "{7F8A3FB2-A5B3-4036-BF75-DDBDA6C10BA0}"
EndProject
Project("{FAE04EC0-301F-11D3-BF4B-00C04F79EFBC}") = "AddPizza", "AddPizza\AddPizza.csproj", "{B6A95092-9C2B-4E6D-BB71-DF240197060B}"
EndProject
Project("{FAE04EC0-301F-11D3-BF4B-00C04F79EFBC}") = "YourSuggestions", "YourSuggestions\YourSuggestions.csproj", "{AE51C478-4341-4461-A4A0-481DDC1949AE}"
EndProject
Project("{FAE04EC0-301F-11D3-BF4B-00C04F79EFBC}") = "DetailsPizza", "DetailsPizza\DetailsPizza.csproj", "{5536A670-818C-47E2-AB97-D90C9B2B06E7}"
EndProject
Global
	GlobalSection(SolutionConfigurationPlatforms) = preSolution
		Debug|Any CPU = Debug|Any CPU
		Release|Any CPU = Release|Any CPU
	EndGlobalSection
	GlobalSection(ProjectConfigurationPlatforms) = postSolution
		{0EF9A1F4-6861-4571-ABBA-74631E03CB4B}.Debug|Any CPU.ActiveCfg = Debug|Any CPU
		{0EF9A1F4-6861-4571-ABBA-74631E03CB4B}.Debug|Any CPU.Build.0 = Debug|Any CPU
		{0EF9A1F4-6861-4571-ABBA-74631E03CB4B}.Release|Any CPU.ActiveCfg = Release|Any CPU
		{0EF9A1F4-6861-4571-ABBA-74631E03CB4B}.Release|Any CPU.Build.0 = Release|Any CPU
		{5079D903-4F33-4360-BC39-C5BCA1BE7131}.Debug|Any CPU.ActiveCfg = Debug|Any CPU
		{5079D903-4F33-4360-BC39-C5BCA1BE7131}.Debug|Any CPU.Build.0 = Debug|Any CPU
		{5079D903-4F33-4360-BC39-C5BCA1BE7131}.Release|Any CPU.ActiveCfg = Release|Any CPU
		{5079D903-4F33-4360-BC39-C5BCA1BE7131}.Release|Any CPU.Build.0 = Release|Any CPU
		{9FF5A121-1A43-4CD7-9ECC-EFF3B1773D5C}.Debug|Any CPU.ActiveCfg = Debug|Any CPU
		{9FF5A121-1A43-4CD7-9ECC-EFF3B1773D5C}.Debug|Any CPU.Build.0 = Debug|Any CPU
		{9FF5A121-1A43-4CD7-9ECC-EFF3B1773D5C}.Release|Any CPU.ActiveCfg = Release|Any CPU
		{9FF5A121-1A43-4CD7-9ECC-EFF3B1773D5C}.Release|Any CPU.Build.0 = Release|Any CPU
		{099E65B4-B887-457D-A0C0-D29E7378D5BF}.Debug|Any CPU.ActiveCfg = Debug|Any CPU
		{099E65B4-B887-457D-A0C0-D29E7378D5BF}.Debug|Any CPU.Build.0 = Debug|Any CPU
		{099E65B4-B887-457D-A0C0-D29E7378D5BF}.Release|Any CPU.ActiveCfg = Release|Any CPU
		{099E65B4-B887-457D-A0C0-D29E7378D5BF}.Release|Any CPU.Build.0 = Release|Any CPU
		{AA2A3441-05FD-4CB4-B76C-AA94E4038A23}.Debug|Any CPU.ActiveCfg = Debug|Any CPU
		{AA2A3441-05FD-4CB4-B76C-AA94E4038A23}.Debug|Any CPU.Build.0 = Debug|Any CPU
		{AA2A3441-05FD-4CB4-B76C-AA94E4038A23}.Release|Any CPU.ActiveCfg = Release|Any CPU
		{AA2A3441-05FD-4CB4-B76C-AA94E4038A23}.Release|Any CPU.Build.0 = Release|Any CPU
		{E2A8625D-32E5-495E-9FEB-5C6950EA6144}.Debug|Any CPU.ActiveCfg = Debug|Any CPU
		{E2A8625D-32E5-495E-9FEB-5C6950EA6144}.Debug|Any CPU.Build.0 = Debug|Any CPU
		{E2A8625D-32E5-495E-9FEB-5C6950EA6144}.Release|Any CPU.ActiveCfg = Release|Any CPU
		{E2A8625D-32E5-495E-9FEB-5C6950EA6144}.Release|Any CPU.Build.0 = Release|Any CPU
		{7F8A3FB2-A5B3-4036-BF75-DDBDA6C10BA0}.Debug|Any CPU.ActiveCfg = Debug|Any CPU
		{7F8A3FB2-A5B3-4036-BF75-DDBDA6C10BA0}.Debug|Any CPU.Build.0 = Debug|Any CPU
		{7F8A3FB2-A5B3-4036-BF75-DDBDA6C10BA0}.Release|Any CPU.ActiveCfg = Release|Any CPU
		{7F8A3FB2-A5B3-4036-BF75-DDBDA6C10BA0}.Release|Any CPU.Build.0 = Release|Any CPU
		{B6A95092-9C2B-4E6D-BB71-DF240197060B}.Debug|Any CPU.ActiveCfg = Debug|Any CPU
		{B6A95092-9C2B-4E6D-BB71-DF240197060B}.Debug|Any CPU.Build.0 = Debug|Any CPU
		{B6A95092-9C2B-4E6D-BB71-DF240197060B}.Release|Any CPU.ActiveCfg = Release|Any CPU
		{B6A95092-9C2B-4E6D-BB71-DF240197060B}.Release|Any CPU.Build.0 = Release|Any CPU
		{AE51C478-4341-4461-A4A0-481DDC1949AE}.Debug|Any CPU.ActiveCfg = Debug|Any CPU
		{AE51C478-4341-4461-A4A0-481DDC1949AE}.Debug|Any CPU.Build.0 = Debug|Any CPU
		{AE51C478-4341-4461-A4A0-481DDC1949AE}.Release|Any CPU.ActiveCfg = Release|Any CPU
		{AE51C478-4341-4461-A4A0-481DDC1949AE}.Release|Any CPU.Build.0 = Release|Any CPU
		{5536A670-818C-47E2-AB97-D90C9B2B06E7}.Debug|Any CPU.ActiveCfg = Debug|Any CPU
		{5536A670-818C-47E2-AB97-D90C9B2B06E7}.Debug|Any CPU.Build.0 = Debug|Any CPU
		{5536A670-818C-47E2-AB97-D90C9B2B06E7}.Release|Any CPU.ActiveCfg = Release|Any CPU
		{5536A670-818C-47E2-AB97-D90C9B2B06E7}.Release|Any CPU.Build.0 = Release|Any CPU
	EndGlobalSection
	GlobalSection(SolutionProperties) = preSolution
		HideSolutionNode = FALSE
	EndGlobalSection
EndGlobal
